
Microsoft Visual Studio Solution File, Format Version 12.00
# Visual Studio Version 17
VisualStudioVersion = 17.14.36121.58 d17.14
MinimumVisualStudioVersion = 10.0.40219.1
Project("{FAE04EC0-301F-11D3-BF4B-00C04F79EFBC}") = "MeowBrowser", "MeowBrowser.csproj", "{8B03568D-303A-46B9-AA57-AAD68589937B}"
EndProject
Project("{FAE04EC0-301F-11D3-BF4B-00C04F79EFBC}") = "MeowBrowserExtern", "..\MeowBrowserExtern\MeowBrowserExtern.csproj", "{A8EF8FCC-D5CF-42E9-AB11-48B753B7990E}"
EndProject
Global
	GlobalSection(SolutionConfigurationPlatforms) = preSolution
		Debug|Any CPU = Debug|Any CPU
		Release|Any CPU = Release|Any CPU
	EndGlobalSection
	GlobalSection(ProjectConfigurationPlatforms) = postSolution
		{8B03568D-303A-46B9-AA57-AAD68589937B}.Debug|Any CPU.ActiveCfg = Debug|Any CPU
		{8B03568D-303A-46B9-AA57-AAD68589937B}.Debug|Any CPU.Build.0 = Debug|Any CPU
		{8B03568D-303A-46B9-AA57-AAD68589937B}.Release|Any CPU.ActiveCfg = Release|Any CPU
		{8B03568D-303A-46B9-AA57-AAD68589937B}.Release|Any CPU.Build.0 = Release|Any CPU
		{A8EF8FCC-D5CF-42E9-AB11-48B753B7990E}.Debug|Any CPU.ActiveCfg = Debug|Any CPU
		{A8EF8FCC-D5CF-42E9-AB11-48B753B7990E}.Debug|Any CPU.Build.0 = Debug|Any CPU
		{A8EF8FCC-D5CF-42E9-AB11-48B753B7990E}.Release|Any CPU.ActiveCfg = Release|Any CPU
		{A8EF8FCC-D5CF-42E9-AB11-48B753B7990E}.Release|Any CPU.Build.0 = Release|Any CPU
	EndGlobalSection
	GlobalSection(SolutionProperties) = preSolution
		HideSolutionNode = FALSE
	EndGlobalSection
	GlobalSection(ExtensibilityGlobals) = postSolution
		SolutionGuid = {33D1259B-070D-4B72-9DB9-EC36BA126EEF}
	EndGlobalSection
EndGlobal
